// !$*UTF8*$!
{
	archiveVersion = 1;
	classes = {
	};
	objectVersion = 56;
	objects = {

/* Begin PBXBuildFile section */
		D27982C12BDC1F82003ED5CF /* AppDelegate.swift in Sources */ = {isa = PBXBuildFile; fileRef = D27982C02BDC1F82003ED5CF /* AppDelegate.swift */; };
		D27982C32BDC1F82003ED5CF /* SceneDelegate.swift in Sources */ = {isa = PBXBuildFile; fileRef = D27982C22BDC1F82003ED5CF /* SceneDelegate.swift */; };
		D27982C52BDC1F82003ED5CF /* ViewController.swift in Sources */ = {isa = PBXBuildFile; fileRef = D27982C42BDC1F82003ED5CF /* ViewController.swift */; };
		D27982C82BDC1F82003ED5CF /* Base in Resources */ = {isa = PBXBuildFile; fileRef = D27982C72BDC1F82003ED5CF /* Base */; };
		D27982CA2BDC1F83003ED5CF /* Assets.xcassets in Resources */ = {isa = PBXBuildFile; fileRef = D27982C92BDC1F83003ED5CF /* Assets.xcassets */; };
		D27982CD2BDC1F83003ED5CF /* Base in Resources */ = {isa = PBXBuildFile; fileRef = D27982CC2BDC1F83003ED5CF /* Base */; };
		D27982D82BDC1F83003ED5CF /* I_am_PoorTests.swift in Sources */ = {isa = PBXBuildFile; fileRef = D27982D72BDC1F83003ED5CF /* I_am_PoorTests.swift */; };
		D27982E22BDC1F83003ED5CF /* I_am_PoorUITests.swift in Sources */ = {isa = PBXBuildFile; fileRef = D27982E12BDC1F83003ED5CF /* I_am_PoorUITests.swift */; };
		D27982E42BDC1F83003ED5CF /* I_am_PoorUITestsLaunchTests.swift in Sources */ = {isa = PBXBuildFile; fileRef = D27982E32BDC1F83003ED5CF /* I_am_PoorUITestsLaunchTests.swift */; };
/* End PBXBuildFile section */

/* Begin PBXContainerItemProxy section */
		D27982D42BDC1F83003ED5CF /* PBXContainerItemProxy */ = {
			isa = PBXContainerItemProxy;
			containerPortal = D27982B52BDC1F82003ED5CF /* Project object */;
			proxyType = 1;
			remoteGlobalIDString = D27982BC2BDC1F82003ED5CF;
			remoteInfo = "I am Poor";
		};
		D27982DE2BDC1F83003ED5CF /* PBXContainerItemProxy */ = {
			isa = PBXContainerItemProxy;
			containerPortal = D27982B52BDC1F82003ED5CF /* Project object */;
			proxyType = 1;
			remoteGlobalIDString = D27982BC2BDC1F82003ED5CF;
			remoteInfo = "I am Poor";
		};
/* End PBXContainerItemProxy section */

/* Begin PBXFileReference section */
		D27982BD2BDC1F82003ED5CF /* I am Poor.app */ = {isa = PBXFileReference; explicitFileType = wrapper.application; includeInIndex = 0; path = "I am Poor.app"; sourceTree = BUILT_PRODUCTS_DIR; };
		D27982C02BDC1F82003ED5CF /* AppDelegate.swift */ = {isa = PBXFileReference; lastKnownFileType = sourcecode.swift; path = AppDelegate.swift; sourceTree = "<group>"; };
		D27982C22BDC1F82003ED5CF /* SceneDelegate.swift */ = {isa = PBXFileReference; lastKnownFileType = sourcecode.swift; path = SceneDelegate.swift; sourceTree = "<group>"; };
		D27982C42BDC1F82003ED5CF /* ViewController.swift */ = {isa = PBXFileReference; lastKnownFileType = sourcecode.swift; path = ViewController.swift; sourceTree = "<group>"; };
		D27982C72BDC1F82003ED5CF /* Base */ = {isa = PBXFileReference; lastKnownFileType = file.storyboard; name = Base; path = Base.lproj/Main.storyboard; sourceTree = "<group>"; };
		D27982C92BDC1F83003ED5CF /* Assets.xcassets */ = {isa = PBXFileReference; lastKnownFileType = folder.assetcatalog; path = Assets.xcassets; sourceTree = "<group>"; };
		D27982CC2BDC1F83003ED5CF /* Base */ = {isa = PBXFileReference; lastKnownFileType = file.storyboard; name = Base; path = Base.lproj/LaunchScreen.storyboard; sourceTree = "<group>"; };
		D27982CE2BDC1F83003ED5CF /* Info.plist */ = {isa = PBXFileReference; lastKnownFileType = text.plist.xml; path = Info.plist; sourceTree = "<group>"; };
		D27982D32BDC1F83003ED5CF /* I am PoorTests.xctest */ = {isa = PBXFileReference; explicitFileType = wrapper.cfbundle; includeInIndex = 0; path = "I am PoorTests.xctest"; sourceTree = BUILT_PRODUCTS_DIR; };
		D27982D72BDC1F83003ED5CF /* I_am_PoorTests.swift */ = {isa = PBXFileReference; lastKnownFileType = sourcecode.swift; path = I_am_PoorTests.swift; sourceTree = "<group>"; };
		D27982DD2BDC1F83003ED5CF /* I am PoorUITests.xctest */ = {isa = PBXFileReference; explicitFileType = wrapper.cfbundle; includeInIndex = 0; path = "I am PoorUITests.xctest"; sourceTree = BUILT_PRODUCTS_DIR; };
		D27982E12BDC1F83003ED5CF /* I_am_PoorUITests.swift */ = {isa = PBXFileReference; lastKnownFileType = sourcecode.swift; path = I_am_PoorUITests.swift; sourceTree = "<group>"; };
		D27982E32BDC1F83003ED5CF /* I_am_PoorUITestsLaunchTests.swift */ = {isa = PBXFileReference; lastKnownFileType = sourcecode.swift; path = I_am_PoorUITestsLaunchTests.swift; sourceTree = "<group>"; };
/* End PBXFileReference section */

/* Begin PBXFrameworksBuildPhase section */
		D27982BA2BDC1F82003ED5CF /* Frameworks */ = {
			isa = PBXFrameworksBuildPhase;
			buildActionMask = 2147483647;
			files = (
			);
			runOnlyForDeploymentPostprocessing = 0;
		};
		D27982D02BDC1F83003ED5CF /* Frameworks */ = {
			isa = PBXFrameworksBuildPhase;
			buildActionMask = 2147483647;
			files = (
			);
			runOnlyForDeploymentPostprocessing = 0;
		};
		D27982DA2BDC1F83003ED5CF /* Frameworks */ = {
			isa = PBXFrameworksBuildPhase;
			buildActionMask = 2147483647;
			files = (
			);
			runOnlyForDeploymentPostprocessing = 0;
		};
/* End PBXFrameworksBuildPhase section */

/* Begin PBXGroup section */
		D27982B42BDC1F82003ED5CF = {
			isa = PBXGroup;
			children = (
				D27982BF2BDC1F82003ED5CF /* I am Poor */,
				D27982D62BDC1F83003ED5CF /* I am PoorTests */,
				D27982E02BDC1F83003ED5CF /* I am PoorUITests */,
				D27982BE2BDC1F82003ED5CF /* Products */,
			);
			sourceTree = "<group>";
		};
		D27982BE2BDC1F82003ED5CF /* Products */ = {
			isa = PBXGroup;
			children = (
				D27982BD2BDC1F82003ED5CF /* I am Poor.app */,
				D27982D32BDC1F83003ED5CF /* I am PoorTests.xctest */,
				D27982DD2BDC1F83003ED5CF /* I am PoorUITests.xctest */,
			);
			name = Products;
			sourceTree = "<group>";
		};
		D27982BF2BDC1F82003ED5CF /* I am Poor */ = {
			isa = PBXGroup;
			children = (
				D27982C02BDC1F82003ED5CF /* AppDelegate.swift */,
				D27982C22BDC1F82003ED5CF /* SceneDelegate.swift */,
				D27982C42BDC1F82003ED5CF /* ViewController.swift */,
				D27982C62BDC1F82003ED5CF /* Main.storyboard */,
				D27982C92BDC1F83003ED5CF /* Assets.xcassets */,
				D27982CB2BDC1F83003ED5CF /* LaunchScreen.storyboard */,
				D27982CE2BDC1F83003ED5CF /* Info.plist */,
			);
			path = "I am Poor";
			sourceTree = "<group>";
		};
		D27982D62BDC1F83003ED5CF /* I am PoorTests */ = {
			isa = PBXGroup;
			children = (
				D27982D72BDC1F83003ED5CF /* I_am_PoorTests.swift */,
			);
			path = "I am PoorTests";
			sourceTree = "<group>";
		};
		D27982E02BDC1F83003ED5CF /* I am PoorUITests */ = {
			isa = PBXGroup;
			children = (
				D27982E12BDC1F83003ED5CF /* I_am_PoorUITests.swift */,
				D27982E32BDC1F83003ED5CF /* I_am_PoorUITestsLaunchTests.swift */,
			);
			path = "I am PoorUITests";
			sourceTree = "<group>";
		};
/* End PBXGroup section */

/* Begin PBXNativeTarget section */
		D27982BC2BDC1F82003ED5CF /* I am Poor */ = {
			isa = PBXNativeTarget;
			buildConfigurationList = D27982E72BDC1F83003ED5CF /* Build configuration list for PBXNativeTarget "I am Poor" */;
			buildPhases = (
				D27982B92BDC1F82003ED5CF /* Sources */,
				D27982BA2BDC1F82003ED5CF /* Frameworks */,
				D27982BB2BDC1F82003ED5CF /* Resources */,
			);
			buildRules = (
			);
			dependencies = (
			);
			name = "I am Poor";
			productName = "I am Poor";
			productReference = D27982BD2BDC1F82003ED5CF /* I am Poor.app */;
			productType = "com.apple.product-type.application";
		};
		D27982D22BDC1F83003ED5CF /* I am PoorTests */ = {
			isa = PBXNativeTarget;
			buildConfigurationList = D27982EA2BDC1F83003ED5CF /* Build configuration list for PBXNativeTarget "I am PoorTests" */;
			buildPhases = (
				D27982CF2BDC1F83003ED5CF /* Sources */,
				D27982D02BDC1F83003ED5CF /* Frameworks */,
				D27982D12BDC1F83003ED5CF /* Resources */,
			);
			buildRules = (
			);
			dependencies = (
				D27982D52BDC1F83003ED5CF /* PBXTargetDependency */,
			);
			name = "I am PoorTests";
			productName = "I am PoorTests";
			productReference = D27982D32BDC1F83003ED5CF /* I am PoorTests.xctest */;
			productType = "com.apple.product-type.bundle.unit-test";
		};
		D27982DC2BDC1F83003ED5CF /* I am PoorUITests */ = {
			isa = PBXNativeTarget;
			buildConfigurationList = D27982ED2BDC1F83003ED5CF /* Build configuration list for PBXNativeTarget "I am PoorUITests" */;
			buildPhases = (
				D27982D92BDC1F83003ED5CF /* Sources */,
				D27982DA2BDC1F83003ED5CF /* Frameworks */,
				D27982DB2BDC1F83003ED5CF /* Resources */,
			);
			buildRules = (
			);
			dependencies = (
				D27982DF2BDC1F83003ED5CF /* PBXTargetDependency */,
			);
			name = "I am PoorUITests";
			productName = "I am PoorUITests";
			productReference = D27982DD2BDC1F83003ED5CF /* I am PoorUITests.xctest */;
			productType = "com.apple.product-type.bundle.ui-testing";
		};
/* End PBXNativeTarget section */

/* Begin PBXProject section */
		D27982B52BDC1F82003ED5CF /* Project object */ = {
			isa = PBXProject;
			attributes = {
				BuildIndependentTargetsInParallel = 1;
				LastSwiftUpdateCheck = 1530;
				LastUpgradeCheck = 1530;
				TargetAttributes = {
					D27982BC2BDC1F82003ED5CF = {
						CreatedOnToolsVersion = 15.3;
					};
					D27982D22BDC1F83003ED5CF = {
						CreatedOnToolsVersion = 15.3;
						TestTargetID = D27982BC2BDC1F82003ED5CF;
					};
					D27982DC2BDC1F83003ED5CF = {
						CreatedOnToolsVersion = 15.3;
						TestTargetID = D27982BC2BDC1F82003ED5CF;
					};
				};
			};
			buildConfigurationList = D27982B82BDC1F82003ED5CF /* Build configuration list for PBXProject "I am Poor" */;
			compatibilityVersion = "Xcode 14.0";
			developmentRegion = en;
			hasScannedForEncodings = 0;
			knownRegions = (
				en,
				Base,
			);
			mainGroup = D27982B42BDC1F82003ED5CF;
			productRefGroup = D27982BE2BDC1F82003ED5CF /* Products */;
			projectDirPath = "";
			projectRoot = "";
			targets = (
				D27982BC2BDC1F82003ED5CF /* I am Poor */,
				D27982D22BDC1F83003ED5CF /* I am PoorTests */,
				D27982DC2BDC1F83003ED5CF /* I am PoorUITests */,
			);
		};
/* End PBXProject section */

/* Begin PBXResourcesBuildPhase section */
		D27982BB2BDC1F82003ED5CF /* Resources */ = {
			isa = PBXResourcesBuildPhase;
			buildActionMask = 2147483647;
			files = (
				D27982CA2BDC1F83003ED5CF /* Assets.xcassets in Resources */,
				D27982CD2BDC1F83003ED5CF /* Base in Resources */,
				D27982C82BDC1F82003ED5CF /* Base in Resources */,
			);
			runOnlyForDeploymentPostprocessing = 0;
		};
		D27982D12BDC1F83003ED5CF /* Resources */ = {
			isa = PBXResourcesBuildPhase;
			buildActionMask = 2147483647;
			files = (
			);
			runOnlyForDeploymentPostprocessing = 0;
		};
		D27982DB2BDC1F83003ED5CF /* Resources */ = {
			isa = PBXResourcesBuildPhase;
			buildActionMask = 2147483647;
			files = (
			);
			runOnlyForDeploymentPostprocessing = 0;
		};
/* End PBXResourcesBuildPhase section */

/* Begin PBXSourcesBuildPhase section */
		D27982B92BDC1F82003ED5CF /* Sources */ = {
			isa = PBXSourcesBuildPhase;
			buildActionMask = 2147483647;
			files = (
				D27982C52BDC1F82003ED5CF /* ViewController.swift in Sources */,
				D27982C12BDC1F82003ED5CF /* AppDelegate.swift in Sources */,
				D27982C32BDC1F82003ED5CF /* SceneDelegate.swift in Sources */,
			);
			runOnlyForDeploymentPostprocessing = 0;
		};
		D27982CF2BDC1F83003ED5CF /* Sources */ = {
			isa = PBXSourcesBuildPhase;
			buildActionMask = 2147483647;
			files = (
				D27982D82BDC1F83003ED5CF /* I_am_PoorTests.swift in Sources */,
			);
			runOnlyForDeploymentPostprocessing = 0;
		};
		D27982D92BDC1F83003ED5CF /* Sources */ = {
			isa = PBXSourcesBuildPhase;
			buildActionMask = 2147483647;
			files = (
				D27982E42BDC1F83003ED5CF /* I_am_PoorUITestsLaunchTests.swift in Sources */,
				D27982E22BDC1F83003ED5CF /* I_am_PoorUITests.swift in Sources */,
			);
			runOnlyForDeploymentPostprocessing = 0;
		};
/* End PBXSourcesBuildPhase section */

/* Begin PBXTargetDependency section */
		D27982D52BDC1F83003ED5CF /* PBXTargetDependency */ = {
			isa = PBXTargetDependency;
			target = D27982BC2BDC1F82003ED5CF /* I am Poor */;
			targetProxy = D27982D42BDC1F83003ED5CF /* PBXContainerItemProxy */;
		};
		D27982DF2BDC1F83003ED5CF /* PBXTargetDependency */ = {
			isa = PBXTargetDependency;
			target = D27982BC2BDC1F82003ED5CF /* I am Poor */;
			targetProxy = D27982DE2BDC1F83003ED5CF /* PBXContainerItemProxy */;
		};
/* End PBXTargetDependency section */

/* Begin PBXVariantGroup section */
		D27982C62BDC1F82003ED5CF /* Main.storyboard */ = {
			isa = PBXVariantGroup;
			children = (
				D27982C72BDC1F82003ED5CF /* Base */,
			);
			name = Main.storyboard;
			sourceTree = "<group>";
		};
		D27982CB2BDC1F83003ED5CF /* LaunchScreen.storyboard */ = {
			isa = PBXVariantGroup;
			children = (
				D27982CC2BDC1F83003ED5CF /* Base */,
			);
			name = LaunchScreen.storyboard;
			sourceTree = "<group>";
		};
/* End PBXVariantGroup section */

/* Begin XCBuildConfiguration section */
		D27982E52BDC1F83003ED5CF /* Debug */ = {
			isa = XCBuildConfiguration;
			buildSettings = {
				ALWAYS_SEARCH_USER_PATHS = NO;
				ASSETCATALOG_COMPILER_GENERATE_SWIFT_ASSET_SYMBOL_EXTENSIONS = YES;
				CLANG_ANALYZER_NONNULL = YES;
				CLANG_ANALYZER_NUMBER_OBJECT_CONVERSION = YES_AGGRESSIVE;
				CLANG_CXX_LANGUAGE_STANDARD = "gnu++20";
				CLANG_ENABLE_MODULES = YES;
				CLANG_ENABLE_OBJC_ARC = YES;
				CLANG_ENABLE_OBJC_WEAK = YES;
				CLANG_WARN_BLOCK_CAPTURE_AUTORELEASING = YES;
				CLANG_WARN_BOOL_CONVERSION = YES;
				CLANG_WARN_COMMA = YES;
				CLANG_WARN_CONSTANT_CONVERSION = YES;
				CLANG_WARN_DEPRECATED_OBJC_IMPLEMENTATIONS = YES;
				CLANG_WARN_DIRECT_OBJC_ISA_USAGE = YES_ERROR;
				CLANG_WARN_DOCUMENTATION_COMMENTS = YES;
				CLANG_WARN_EMPTY_BODY = YES;
				CLANG_WARN_ENUM_CONVERSION = YES;
				CLANG_WARN_INFINITE_RECURSION = YES;
				CLANG_WARN_INT_CONVERSION = YES;
				CLANG_WARN_NON_LITERAL_NULL_CONVERSION = YES;
				CLANG_WARN_OBJC_IMPLICIT_RETAIN_SELF = YES;
				CLANG_WARN_OBJC_LITERAL_CONVERSION = YES;
				CLANG_WARN_OBJC_ROOT_CLASS = YES_ERROR;
				CLANG_WARN_QUOTED_INCLUDE_IN_FRAMEWORK_HEADER = YES;
				CLANG_WARN_RANGE_LOOP_ANALYSIS = YES;
				CLANG_WARN_STRICT_PROTOTYPES = YES;
				CLANG_WARN_SUSPICIOUS_MOVE = YES;
				CLANG_WARN_UNGUARDED_AVAILABILITY = YES_AGGRESSIVE;
				CLANG_WARN_UNREACHABLE_CODE = YES;
				CLANG_WARN__DUPLICATE_METHOD_MATCH = YES;
				COPY_PHASE_STRIP = NO;
				DEBUG_INFORMATION_FORMAT = dwarf;
				ENABLE_STRICT_OBJC_MSGSEND = YES;
				ENABLE_TESTABILITY = YES;
				ENABLE_USER_SCRIPT_SANDBOXING = YES;
				GCC_C_LANGUAGE_STANDARD = gnu17;
				GCC_DYNAMIC_NO_PIC = NO;
				GCC_NO_COMMON_BLOCKS = YES;
				GCC_OPTIMIZATION_LEVEL = 0;
				GCC_PREPROCESSOR_DEFINITIONS = (
					"DEBUG=1",
					"$(inherited)",
				);
				GCC_WARN_64_TO_32_BIT_CONVERSION = YES;
				GCC_WARN_ABOUT_RETURN_TYPE = YES_ERROR;
				GCC_WARN_UNDECLARED_SELECTOR = YES;
				GCC_WARN_UNINITIALIZED_AUTOS = YES_AGGRESSIVE;
				GCC_WARN_UNUSED_FUNCTION = YES;
				GCC_WARN_UNUSED_VARIABLE = YES;
				IPHONEOS_DEPLOYMENT_TARGET = 17.4;
				LOCALIZATION_PREFERS_STRING_CATALOGS = YES;
				MTL_ENABLE_DEBUG_INFO = INCLUDE_SOURCE;
				MTL_FAST_MATH = YES;
				ONLY_ACTIVE_ARCH = YES;
				SDKROOT = iphoneos;
				SWIFT_ACTIVE_COMPILATION_CONDITIONS = "DEBUG $(inherited)";
				SWIFT_OPTIMIZATION_LEVEL = "-Onone";
			};
			name = Debug;
		};
		D27982E62BDC1F83003ED5CF /* Release */ = {
			isa = XCBuildConfiguration;
			buildSettings = {
				ALWAYS_SEARCH_USER_PATHS = NO;
				ASSETCATALOG_COMPILER_GENERATE_SWIFT_ASSET_SYMBOL_EXTENSIONS = YES;
				CLANG_ANALYZER_NONNULL = YES;
				CLANG_ANALYZER_NUMBER_OBJECT_CONVERSION = YES_AGGRESSIVE;
				CLANG_CXX_LANGUAGE_STANDARD = "gnu++20";
				CLANG_ENABLE_MODULES = YES;
				CLANG_ENABLE_OBJC_ARC = YES;
				CLANG_ENABLE_OBJC_WEAK = YES;
				CLANG_WARN_BLOCK_CAPTURE_AUTORELEASING = YES;
				CLANG_WARN_BOOL_CONVERSION = YES;
				CLANG_WARN_COMMA = YES;
				CLANG_WARN_CONSTANT_CONVERSION = YES;
				CLANG_WARN_DEPRECATED_OBJC_IMPLEMENTATIONS = YES;
				CLANG_WARN_DIRECT_OBJC_ISA_USAGE = YES_ERROR;
				CLANG_WARN_DOCUMENTATION_COMMENTS = YES;
				CLANG_WARN_EMPTY_BODY = YES;
				CLANG_WARN_ENUM_CONVERSION = YES;
				CLANG_WARN_INFINITE_RECURSION = YES;
				CLANG_WARN_INT_CONVERSION = YES;
				CLANG_WARN_NON_LITERAL_NULL_CONVERSION = YES;
				CLANG_WARN_OBJC_IMPLICIT_RETAIN_SELF = YES;
				CLANG_WARN_OBJC_LITERAL_CONVERSION = YES;
				CLANG_WARN_OBJC_ROOT_CLASS = YES_ERROR;
				CLANG_WARN_QUOTED_INCLUDE_IN_FRAMEWORK_HEADER = YES;
				CLANG_WARN_RANGE_LOOP_ANALYSIS = YES;
				CLANG_WARN_STRICT_PROTOTYPES = YES;
				CLANG_WARN_SUSPICIOUS_MOVE = YES;
				CLANG_WARN_UNGUARDED_AVAILABILITY = YES_AGGRESSIVE;
				CLANG_WARN_UNREACHABLE_CODE = YES;
				CLANG_WARN__DUPLICATE_METHOD_MATCH = YES;
				COPY_PHASE_STRIP = NO;
				DEBUG_INFORMATION_FORMAT = "dwarf-with-dsym";
				ENABLE_NS_ASSERTIONS = NO;
				ENABLE_STRICT_OBJC_MSGSEND = YES;
				ENABLE_USER_SCRIPT_SANDBOXING = YES;
				GCC_C_LANGUAGE_STANDARD = gnu17;
				GCC_NO_COMMON_BLOCKS = YES;
				GCC_WARN_64_TO_32_BIT_CONVERSION = YES;
				GCC_WARN_ABOUT_RETURN_TYPE = YES_ERROR;
				GCC_WARN_UNDECLARED_SELECTOR = YES;
				GCC_WARN_UNINITIALIZED_AUTOS = YES_AGGRESSIVE;
				GCC_WARN_UNUSED_FUNCTION = YES;
				GCC_WARN_UNUSED_VARIABLE = YES;
				IPHONEOS_DEPLOYMENT_TARGET = 17.4;
				LOCALIZATION_PREFERS_STRING_CATALOGS = YES;
				MTL_ENABLE_DEBUG_INFO = NO;
				MTL_FAST_MATH = YES;
				SDKROOT = iphoneos;
				SWIFT_COMPILATION_MODE = wholemodule;
				VALIDATE_PRODUCT = YES;
			};
			name = Release;
		};
		D27982E82BDC1F83003ED5CF /* Debug */ = {
			isa = XCBuildConfiguration;
			buildSettings = {
				ASSETCATALOG_COMPILER_APPICON_NAME = AppIcon;
				ASSETCATALOG_COMPILER_GLOBAL_ACCENT_COLOR_NAME = AccentColor;
				CODE_SIGN_STYLE = Automatic;
				CURRENT_PROJECT_VERSION = 1;
				DEVELOPMENT_TEAM = ZY3A7XVR86;
				GENERATE_INFOPLIST_FILE = YES;
				INFOPLIST_FILE = "I am Poor/Info.plist";
				INFOPLIST_KEY_UIApplicationSupportsIndirectInputEvents = YES;
				INFOPLIST_KEY_UILaunchStoryboardName = LaunchScreen;
				INFOPLIST_KEY_UIMainStoryboardFile = Main;
				INFOPLIST_KEY_UISupportedInterfaceOrientations_iPad = "UIInterfaceOrientationPortrait UIInterfaceOrientationPortraitUpsideDown UIInterfaceOrientationLandscapeLeft UIInterfaceOrientationLandscapeRight";
				INFOPLIST_KEY_UISupportedInterfaceOrientations_iPhone = "UIInterfaceOrientationPortrait UIInterfaceOrientationLandscapeLeft UIInterfaceOrientationLandscapeRight";
				LD_RUNPATH_SEARCH_PATHS = (
					"$(inherited)",
					"@executable_path/Frameworks",
				);
				MARKETING_VERSION = 1.0;
				PRODUCT_BUNDLE_IDENTIFIER = "com.bugra.I-am-Poor";
				PRODUCT_NAME = "$(TARGET_NAME)";
				SWIFT_EMIT_LOC_STRINGS = YES;
				SWIFT_VERSION = 5.0;
				TARGETED_DEVICE_FAMILY = "1,2";
			};
			name = Debug;
		};
		D27982E92BDC1F83003ED5CF /* Release */ = {
			isa = XCBuildConfiguration;
			buildSettings = {
				ASSETCATALOG_COMPILER_APPICON_NAME = AppIcon;
				ASSETCATALOG_COMPILER_GLOBAL_ACCENT_COLOR_NAME = AccentColor;
				CODE_SIGN_STYLE = Automatic;
				CURRENT_PROJECT_VERSION = 1;
				DEVELOPMENT_TEAM = ZY3A7XVR86;
				GENERATE_INFOPLIST_FILE = YES;
				INFOPLIST_FILE = "I am Poor/Info.plist";
				INFOPLIST_KEY_UIApplicationSupportsIndirectInputEvents = YES;
				INFOPLIST_KEY_UILaunchStoryboardName = LaunchScreen;
				INFOPLIST_KEY_UIMainStoryboardFile = Main;
				INFOPLIST_KEY_UISupportedInterfaceOrientations_iPad = "UIInterfaceOrientationPortrait UIInterfaceOrientationPortraitUpsideDown UIInterfaceOrientationLandscapeLeft UIInterfaceOrientationLandscapeRight";
				INFOPLIST_KEY_UISupportedInterfaceOrientations_iPhone = "UIInterfaceOrientationPortrait UIInterfaceOrientationLandscapeLeft UIInterfaceOrientationLandscapeRight";
				LD_RUNPATH_SEARCH_PATHS = (
					"$(inherited)",
					"@executable_path/Frameworks",
				);
				MARKETING_VERSION = 1.0;
				PRODUCT_BUNDLE_IDENTIFIER = "com.bugra.I-am-Poor";
				PRODUCT_NAME = "$(TARGET_NAME)";
				SWIFT_EMIT_LOC_STRINGS = YES;
				SWIFT_VERSION = 5.0;
				TARGETED_DEVICE_FAMILY = "1,2";
			};
			name = Release;
		};
		D27982EB2BDC1F83003ED5CF /* Debug */ = {
			isa = XCBuildConfiguration;
			buildSettings = {
				ALWAYS_EMBED_SWIFT_STANDARD_LIBRARIES = YES;
				BUNDLE_LOADER = "$(TEST_HOST)";
				CODE_SIGN_STYLE = Automatic;
				CURRENT_PROJECT_VERSION = 1;
				GENERATE_INFOPLIST_FILE = YES;
				IPHONEOS_DEPLOYMENT_TARGET = 17.4;
				MARKETING_VERSION = 1.0;
				PRODUCT_BUNDLE_IDENTIFIER = "com.bugra.I-am-PoorTests";
				PRODUCT_NAME = "$(TARGET_NAME)";
				SWIFT_EMIT_LOC_STRINGS = NO;
				SWIFT_VERSION = 5.0;
				TARGETED_DEVICE_FAMILY = "1,2";
				TEST_HOST = "$(BUILT_PRODUCTS_DIR)/I am Poor.app/$(BUNDLE_EXECUTABLE_FOLDER_PATH)/I am Poor";
			};
			name = Debug;
		};
		D27982EC2BDC1F83003ED5CF /* Release */ = {
			isa = XCBuildConfiguration;
			buildSettings = {
				ALWAYS_EMBED_SWIFT_STANDARD_LIBRARIES = YES;
				BUNDLE_LOADER = "$(TEST_HOST)";
				CODE_SIGN_STYLE = Automatic;
				CURRENT_PROJECT_VERSION = 1;
				GENERATE_INFOPLIST_FILE = YES;
				IPHONEOS_DEPLOYMENT_TARGET = 17.4;
				MARKETING_VERSION = 1.0;
				PRODUCT_BUNDLE_IDENTIFIER = "com.bugra.I-am-PoorTests";
				PRODUCT_NAME = "$(TARGET_NAME)";
				SWIFT_EMIT_LOC_STRINGS = NO;
				SWIFT_VERSION = 5.0;
				TARGETED_DEVICE_FAMILY = "1,2";
				TEST_HOST = "$(BUILT_PRODUCTS_DIR)/I am Poor.app/$(BUNDLE_EXECUTABLE_FOLDER_PATH)/I am Poor";
			};
			name = Release;
		};
		D27982EE2BDC1F83003ED5CF /* Debug */ = {
			isa = XCBuildConfiguration;
			buildSettings = {
				ALWAYS_EMBED_SWIFT_STANDARD_LIBRARIES = YES;
				CODE_SIGN_STYLE = Automatic;
				CURRENT_PROJECT_VERSION = 1;
				GENERATE_INFOPLIST_FILE = YES;
				MARKETING_VERSION = 1.0;
				PRODUCT_BUNDLE_IDENTIFIER = "com.bugra.I-am-PoorUITests";
				PRODUCT_NAME = "$(TARGET_NAME)";
				SWIFT_EMIT_LOC_STRINGS = NO;
				SWIFT_VERSION = 5.0;
				TARGETED_DEVICE_FAMILY = "1,2";
				TEST_TARGET_NAME = "I am Poor";
			};
			name = Debug;
		};
		D27982EF2BDC1F83003ED5CF /* Release */ = {
			isa = XCBuildConfiguration;
			buildSettings = {
				ALWAYS_EMBED_SWIFT_STANDARD_LIBRARIES = YES;
				CODE_SIGN_STYLE = Automatic;
				CURRENT_PROJECT_VERSION = 1;
				GENERATE_INFOPLIST_FILE = YES;
				MARKETING_VERSION = 1.0;
				PRODUCT_BUNDLE_IDENTIFIER = "com.bugra.I-am-PoorUITests";
				PRODUCT_NAME = "$(TARGET_NAME)";
				SWIFT_EMIT_LOC_STRINGS = NO;
				SWIFT_VERSION = 5.0;
				TARGETED_DEVICE_FAMILY = "1,2";
				TEST_TARGET_NAME = "I am Poor";
			};
			name = Release;
		};
/* End XCBuildConfiguration section */

/* Begin XCConfigurationList section */
		D27982B82BDC1F82003ED5CF /* Build configuration list for PBXProject "I am Poor" */ = {
			isa = XCConfigurationList;
			buildConfigurations = (
				D27982E52BDC1F83003ED5CF /* Debug */,
				D27982E62BDC1F83003ED5CF /* Release */,
			);
			defaultConfigurationIsVisible = 0;
			defaultConfigurationName = Release;
		};
		D27982E72BDC1F83003ED5CF /* Build configuration list for PBXNativeTarget "I am Poor" */ = {
			isa = XCConfigurationList;
			buildConfigurations = (
				D27982E82BDC1F83003ED5CF /* Debug */,
				D27982E92BDC1F83003ED5CF /* Release */,
			);
			defaultConfigurationIsVisible = 0;
			defaultConfigurationName = Release;
		};
		D27982EA2BDC1F83003ED5CF /* Build configuration list for PBXNativeTarget "I am PoorTests" */ = {
			isa = XCConfigurationList;
			buildConfigurations = (
				D27982EB2BDC1F83003ED5CF /* Debug */,
				D27982EC2BDC1F83003ED5CF /* Release */,
			);
			defaultConfigurationIsVisible = 0;
			defaultConfigurationName = Release;
		};
		D27982ED2BDC1F83003ED5CF /* Build configuration list for PBXNativeTarget "I am PoorUITests" */ = {
			isa = XCConfigurationList;
			buildConfigurations = (
				D27982EE2BDC1F83003ED5CF /* Debug */,
				D27982EF2BDC1F83003ED5CF /* Release */,
			);
			defaultConfigurationIsVisible = 0;
			defaultConfigurationName = Release;
		};
/* End XCConfigurationList section */
	};
	rootObject = D27982B52BDC1F82003ED5CF /* Project object */;
}
